// !$*UTF8*$!
{
	archiveVersion = 1;
	classes = {
	};
	objectVersion = 46;
	objects = {

/* Begin PBXBuildFile section */
		83361AB019A63F5300396936 /* ESCTimeLineResponse.json in Resources */ = {isa = PBXBuildFile; fileRef = 83361AAF19A63F5300396936 /* ESCTimeLineResponse.json */; };
		83361AB219A63F5A00396936 /* ESCTweetViewModelTests.m in Sources */ = {isa = PBXBuildFile; fileRef = 83361AB119A63F5A00396936 /* ESCTweetViewModelTests.m */; };
		83361AB519A63FC000396936 /* Localizable.strings in Resources */ = {isa = PBXBuildFile; fileRef = 83361AB319A63FC000396936 /* Localizable.strings */; };
		83D811D819A578B7006FD070 /* Foundation.framework in Frameworks */ = {isa = PBXBuildFile; fileRef = 83D811D719A578B7006FD070 /* Foundation.framework */; };
		83D811DA19A578B7006FD070 /* CoreGraphics.framework in Frameworks */ = {isa = PBXBuildFile; fileRef = 83D811D919A578B7006FD070 /* CoreGraphics.framework */; };
		83D811DC19A578B7006FD070 /* UIKit.framework in Frameworks */ = {isa = PBXBuildFile; fileRef = 83D811DB19A578B7006FD070 /* UIKit.framework */; };
		83D811E219A578B7006FD070 /* InfoPlist.strings in Resources */ = {isa = PBXBuildFile; fileRef = 83D811E019A578B7006FD070 /* InfoPlist.strings */; };
		83D811E419A578B7006FD070 /* main.m in Sources */ = {isa = PBXBuildFile; fileRef = 83D811E319A578B7006FD070 /* main.m */; };
		83D811E819A578B7006FD070 /* ESCAppDelegate.m in Sources */ = {isa = PBXBuildFile; fileRef = 83D811E719A578B7006FD070 /* ESCAppDelegate.m */; };
		83D811EB19A578B7006FD070 /* Main.storyboard in Resources */ = {isa = PBXBuildFile; fileRef = 83D811E919A578B7006FD070 /* Main.storyboard */; };
		83D811F019A578B7006FD070 /* Images.xcassets in Resources */ = {isa = PBXBuildFile; fileRef = 83D811EF19A578B7006FD070 /* Images.xcassets */; };
		83D811F719A578B7006FD070 /* XCTest.framework in Frameworks */ = {isa = PBXBuildFile; fileRef = 83D811F619A578B7006FD070 /* XCTest.framework */; };
		83D811F819A578B7006FD070 /* Foundation.framework in Frameworks */ = {isa = PBXBuildFile; fileRef = 83D811D719A578B7006FD070 /* Foundation.framework */; };
		83D811F919A578B7006FD070 /* UIKit.framework in Frameworks */ = {isa = PBXBuildFile; fileRef = 83D811DB19A578B7006FD070 /* UIKit.framework */; };
		83D8120119A578B7006FD070 /* InfoPlist.strings in Resources */ = {isa = PBXBuildFile; fileRef = 83D811FF19A578B7006FD070 /* InfoPlist.strings */; };
		83D8120D19A579C2006FD070 /* Accounts.framework in Frameworks */ = {isa = PBXBuildFile; fileRef = 83D8120C19A579C2006FD070 /* Accounts.framework */; };
		83D8120F19A579C8006FD070 /* Social.framework in Frameworks */ = {isa = PBXBuildFile; fileRef = 83D8120E19A579C8006FD070 /* Social.framework */; };
		83D8121219A5825D006FD070 /* ESCTweet.m in Sources */ = {isa = PBXBuildFile; fileRef = 83D8121119A5825D006FD070 /* ESCTweet.m */; };
		83D8121519A58474006FD070 /* ESCTweetViewController.m in Sources */ = {isa = PBXBuildFile; fileRef = 83D8121419A58474006FD070 /* ESCTweetViewController.m */; };
		83D8121819A584B0006FD070 /* ESCTweetCell.m in Sources */ = {isa = PBXBuildFile; fileRef = 83D8121719A584B0006FD070 /* ESCTweetCell.m */; };
		83D8121B19A59855006FD070 /* ESCTweetCellModel.m in Sources */ = {isa = PBXBuildFile; fileRef = 83D8121A19A59855006FD070 /* ESCTweetCellModel.m */; };
		83D8121E19A5A22E006FD070 /* ESCTweetViewModel.m in Sources */ = {isa = PBXBuildFile; fileRef = 83D8121D19A5A22E006FD070 /* ESCTweetViewModel.m */; };
		83D8122119A5A6E2006FD070 /* ESCError.m in Sources */ = {isa = PBXBuildFile; fileRef = 83D8122019A5A6E2006FD070 /* ESCError.m */; };
/* End PBXBuildFile section */

/* Begin PBXContainerItemProxy section */
		83D811FA19A578B7006FD070 /* PBXContainerItemProxy */ = {
			isa = PBXContainerItemProxy;
			containerPortal = 83D811CC19A578B7006FD070 /* Project object */;
			proxyType = 1;
			remoteGlobalIDString = 83D811D319A578B7006FD070;
			remoteInfo = Twitter;
		};
/* End PBXContainerItemProxy section */

/* Begin PBXFileReference section */
		83361AAF19A63F5300396936 /* ESCTimeLineResponse.json */ = {isa = PBXFileReference; fileEncoding = 4; lastKnownFileType = text.json; path = ESCTimeLineResponse.json; sourceTree = "<group>"; };
		83361AB119A63F5A00396936 /* ESCTweetViewModelTests.m */ = {isa = PBXFileReference; fileEncoding = 4; lastKnownFileType = sourcecode.c.objc; path = ESCTweetViewModelTests.m; sourceTree = "<group>"; };
		83361AB419A63FC000396936 /* en */ = {isa = PBXFileReference; lastKnownFileType = text.plist.strings; name = en; path = en.lproj/Localizable.strings; sourceTree = "<group>"; };
		83D811D419A578B7006FD070 /* Twitter.app */ = {isa = PBXFileReference; explicitFileType = wrapper.application; includeInIndex = 0; path = Twitter.app; sourceTree = BUILT_PRODUCTS_DIR; };
		83D811D719A578B7006FD070 /* Foundation.framework */ = {isa = PBXFileReference; lastKnownFileType = wrapper.framework; name = Foundation.framework; path = System/Library/Frameworks/Foundation.framework; sourceTree = SDKROOT; };
		83D811D919A578B7006FD070 /* CoreGraphics.framework */ = {isa = PBXFileReference; lastKnownFileType = wrapper.framework; name = CoreGraphics.framework; path = System/Library/Frameworks/CoreGraphics.framework; sourceTree = SDKROOT; };
		83D811DB19A578B7006FD070 /* UIKit.framework */ = {isa = PBXFileReference; lastKnownFileType = wrapper.framework; name = UIKit.framework; path = System/Library/Frameworks/UIKit.framework; sourceTree = SDKROOT; };
		83D811DF19A578B7006FD070 /* Twitter-Info.plist */ = {isa = PBXFileReference; lastKnownFileType = text.plist.xml; path = "Twitter-Info.plist"; sourceTree = "<group>"; };
		83D811E119A578B7006FD070 /* en */ = {isa = PBXFileReference; lastKnownFileType = text.plist.strings; name = en; path = en.lproj/InfoPlist.strings; sourceTree = "<group>"; };
		83D811E319A578B7006FD070 /* main.m */ = {isa = PBXFileReference; lastKnownFileType = sourcecode.c.objc; path = main.m; sourceTree = "<group>"; };
		83D811E519A578B7006FD070 /* Twitter-Prefix.pch */ = {isa = PBXFileReference; lastKnownFileType = sourcecode.c.h; path = "Twitter-Prefix.pch"; sourceTree = "<group>"; };
		83D811E619A578B7006FD070 /* ESCAppDelegate.h */ = {isa = PBXFileReference; lastKnownFileType = sourcecode.c.h; path = ESCAppDelegate.h; sourceTree = "<group>"; };
		83D811E719A578B7006FD070 /* ESCAppDelegate.m */ = {isa = PBXFileReference; lastKnownFileType = sourcecode.c.objc; path = ESCAppDelegate.m; sourceTree = "<group>"; };
		83D811EA19A578B7006FD070 /* Base */ = {isa = PBXFileReference; lastKnownFileType = file.storyboard; name = Base; path = Base.lproj/Main.storyboard; sourceTree = "<group>"; };
		83D811EF19A578B7006FD070 /* Images.xcassets */ = {isa = PBXFileReference; lastKnownFileType = folder.assetcatalog; path = Images.xcassets; sourceTree = "<group>"; };
		83D811F519A578B7006FD070 /* TwitterTests.xctest */ = {isa = PBXFileReference; explicitFileType = wrapper.cfbundle; includeInIndex = 0; path = TwitterTests.xctest; sourceTree = BUILT_PRODUCTS_DIR; };
		83D811F619A578B7006FD070 /* XCTest.framework */ = {isa = PBXFileReference; lastKnownFileType = wrapper.framework; name = XCTest.framework; path = Library/Frameworks/XCTest.framework; sourceTree = DEVELOPER_DIR; };
		83D811FE19A578B7006FD070 /* TwitterTests-Info.plist */ = {isa = PBXFileReference; lastKnownFileType = text.plist.xml; path = "TwitterTests-Info.plist"; sourceTree = "<group>"; };
		83D8120019A578B7006FD070 /* en */ = {isa = PBXFileReference; lastKnownFileType = text.plist.strings; name = en; path = en.lproj/InfoPlist.strings; sourceTree = "<group>"; };
		83D8120C19A579C2006FD070 /* Accounts.framework */ = {isa = PBXFileReference; lastKnownFileType = wrapper.framework; name = Accounts.framework; path = System/Library/Frameworks/Accounts.framework; sourceTree = SDKROOT; };
		83D8120E19A579C8006FD070 /* Social.framework */ = {isa = PBXFileReference; lastKnownFileType = wrapper.framework; name = Social.framework; path = System/Library/Frameworks/Social.framework; sourceTree = SDKROOT; };
		83D8121019A5825D006FD070 /* ESCTweet.h */ = {isa = PBXFileReference; fileEncoding = 4; lastKnownFileType = sourcecode.c.h; path = ESCTweet.h; sourceTree = "<group>"; };
		83D8121119A5825D006FD070 /* ESCTweet.m */ = {isa = PBXFileReference; fileEncoding = 4; lastKnownFileType = sourcecode.c.objc; path = ESCTweet.m; sourceTree = "<group>"; };
		83D8121319A58474006FD070 /* ESCTweetViewController.h */ = {isa = PBXFileReference; fileEncoding = 4; lastKnownFileType = sourcecode.c.h; path = ESCTweetViewController.h; sourceTree = "<group>"; };
		83D8121419A58474006FD070 /* ESCTweetViewController.m */ = {isa = PBXFileReference; fileEncoding = 4; lastKnownFileType = sourcecode.c.objc; path = ESCTweetViewController.m; sourceTree = "<group>"; };
		83D8121619A584B0006FD070 /* ESCTweetCell.h */ = {isa = PBXFileReference; fileEncoding = 4; lastKnownFileType = sourcecode.c.h; path = ESCTweetCell.h; sourceTree = "<group>"; };
		83D8121719A584B0006FD070 /* ESCTweetCell.m */ = {isa = PBXFileReference; fileEncoding = 4; lastKnownFileType = sourcecode.c.objc; path = ESCTweetCell.m; sourceTree = "<group>"; };
		83D8121919A59855006FD070 /* ESCTweetCellModel.h */ = {isa = PBXFileReference; fileEncoding = 4; lastKnownFileType = sourcecode.c.h; path = ESCTweetCellModel.h; sourceTree = "<group>"; };
		83D8121A19A59855006FD070 /* ESCTweetCellModel.m */ = {isa = PBXFileReference; fileEncoding = 4; lastKnownFileType = sourcecode.c.objc; path = ESCTweetCellModel.m; sourceTree = "<group>"; };
		83D8121C19A5A22E006FD070 /* ESCTweetViewModel.h */ = {isa = PBXFileReference; fileEncoding = 4; lastKnownFileType = sourcecode.c.h; path = ESCTweetViewModel.h; sourceTree = "<group>"; };
		83D8121D19A5A22E006FD070 /* ESCTweetViewModel.m */ = {isa = PBXFileReference; fileEncoding = 4; lastKnownFileType = sourcecode.c.objc; path = ESCTweetViewModel.m; sourceTree = "<group>"; };
		83D8121F19A5A6E2006FD070 /* ESCError.h */ = {isa = PBXFileReference; fileEncoding = 4; lastKnownFileType = sourcecode.c.h; path = ESCError.h; sourceTree = "<group>"; };
		83D8122019A5A6E2006FD070 /* ESCError.m */ = {isa = PBXFileReference; fileEncoding = 4; lastKnownFileType = sourcecode.c.objc; path = ESCError.m; sourceTree = "<group>"; };
/* End PBXFileReference section */

/* Begin PBXFrameworksBuildPhase section */
		83D811D119A578B7006FD070 /* Frameworks */ = {
			isa = PBXFrameworksBuildPhase;
			buildActionMask = 2147483647;
			files = (
				83D8120F19A579C8006FD070 /* Social.framework in Frameworks */,
				83D8120D19A579C2006FD070 /* Accounts.framework in Frameworks */,
				83D811DA19A578B7006FD070 /* CoreGraphics.framework in Frameworks */,
				83D811DC19A578B7006FD070 /* UIKit.framework in Frameworks */,
				83D811D819A578B7006FD070 /* Foundation.framework in Frameworks */,
			);
			runOnlyForDeploymentPostprocessing = 0;
		};
		83D811F219A578B7006FD070 /* Frameworks */ = {
			isa = PBXFrameworksBuildPhase;
			buildActionMask = 2147483647;
			files = (
				83D811F719A578B7006FD070 /* XCTest.framework in Frameworks */,
				83D811F919A578B7006FD070 /* UIKit.framework in Frameworks */,
				83D811F819A578B7006FD070 /* Foundation.framework in Frameworks */,
			);
			runOnlyForDeploymentPostprocessing = 0;
		};
/* End PBXFrameworksBuildPhase section */

/* Begin PBXGroup section */
		8358D41819A5B46100F397F4 /* Model */ = {
			isa = PBXGroup;
			children = (
				83D8121F19A5A6E2006FD070 /* ESCError.h */,
				83D8122019A5A6E2006FD070 /* ESCError.m */,
				83D8121019A5825D006FD070 /* ESCTweet.h */,
				83D8121119A5825D006FD070 /* ESCTweet.m */,
			);
			name = Model;
			sourceTree = "<group>";
		};
		8358D41919A5B46800F397F4 /* View Model */ = {
			isa = PBXGroup;
			children = (
				83D8121C19A5A22E006FD070 /* ESCTweetViewModel.h */,
				83D8121D19A5A22E006FD070 /* ESCTweetViewModel.m */,
				83D8121919A59855006FD070 /* ESCTweetCellModel.h */,
				83D8121A19A59855006FD070 /* ESCTweetCellModel.m */,
			);
			name = "View Model";
			sourceTree = "<group>";
		};
		8358D41A19A5B47300F397F4 /* View */ = {
			isa = PBXGroup;
			children = (
				83D811E919A578B7006FD070 /* Main.storyboard */,
				83D8121319A58474006FD070 /* ESCTweetViewController.h */,
				83D8121419A58474006FD070 /* ESCTweetViewController.m */,
				83D8121619A584B0006FD070 /* ESCTweetCell.h */,
				83D8121719A584B0006FD070 /* ESCTweetCell.m */,
			);
			name = View;
			sourceTree = "<group>";
		};
		8358D41B19A5B4B000F397F4 /* Common */ = {
			isa = PBXGroup;
			children = (
				83D811E619A578B7006FD070 /* ESCAppDelegate.h */,
				83D811E719A578B7006FD070 /* ESCAppDelegate.m */,
			);
			name = Common;
			sourceTree = "<group>";
		};
		83D811CB19A578B7006FD070 = {
			isa = PBXGroup;
			children = (
				83D811DD19A578B7006FD070 /* Twitter */,
				83D811FC19A578B7006FD070 /* TwitterTests */,
				83D811D619A578B7006FD070 /* Frameworks */,
				83D811D519A578B7006FD070 /* Products */,
			);
			sourceTree = "<group>";
		};
		83D811D519A578B7006FD070 /* Products */ = {
			isa = PBXGroup;
			children = (
				83D811D419A578B7006FD070 /* Twitter.app */,
				83D811F519A578B7006FD070 /* TwitterTests.xctest */,
			);
			name = Products;
			sourceTree = "<group>";
		};
		83D811D619A578B7006FD070 /* Frameworks */ = {
			isa = PBXGroup;
			children = (
				83D8120E19A579C8006FD070 /* Social.framework */,
				83D8120C19A579C2006FD070 /* Accounts.framework */,
				83D811D719A578B7006FD070 /* Foundation.framework */,
				83D811D919A578B7006FD070 /* CoreGraphics.framework */,
				83D811DB19A578B7006FD070 /* UIKit.framework */,
				83D811F619A578B7006FD070 /* XCTest.framework */,
			);
			name = Frameworks;
			sourceTree = "<group>";
		};
		83D811DD19A578B7006FD070 /* Twitter */ = {
			isa = PBXGroup;
			children = (
				8358D41B19A5B4B000F397F4 /* Common */,
				8358D41A19A5B47300F397F4 /* View */,
				8358D41919A5B46800F397F4 /* View Model */,
				8358D41819A5B46100F397F4 /* Model */,
				83D811EF19A578B7006FD070 /* Images.xcassets */,
				83D811DE19A578B7006FD070 /* Supporting Files */,
			);
			path = Twitter;
			sourceTree = "<group>";
		};
		83D811DE19A578B7006FD070 /* Supporting Files */ = {
			isa = PBXGroup;
			children = (
				83361AB319A63FC000396936 /* Localizable.strings */,
				83D811DF19A578B7006FD070 /* Twitter-Info.plist */,
				83D811E019A578B7006FD070 /* InfoPlist.strings */,
				83D811E319A578B7006FD070 /* main.m */,
				83D811E519A578B7006FD070 /* Twitter-Prefix.pch */,
			);
			name = "Supporting Files";
			sourceTree = "<group>";
		};
		83D811FC19A578B7006FD070 /* TwitterTests */ = {
			isa = PBXGroup;
			children = (
				83361AB119A63F5A00396936 /* ESCTweetViewModelTests.m */,
				83D811FD19A578B7006FD070 /* Supporting Files */,
			);
			path = TwitterTests;
			sourceTree = "<group>";
		};
		83D811FD19A578B7006FD070 /* Supporting Files */ = {
			isa = PBXGroup;
			children = (
				83361AAF19A63F5300396936 /* ESCTimeLineResponse.json */,
				83D811FE19A578B7006FD070 /* TwitterTests-Info.plist */,
				83D811FF19A578B7006FD070 /* InfoPlist.strings */,
			);
			name = "Supporting Files";
			sourceTree = "<group>";
		};
/* End PBXGroup section */

/* Begin PBXNativeTarget section */
		83D811D319A578B7006FD070 /* Twitter */ = {
			isa = PBXNativeTarget;
			buildConfigurationList = 83D8120619A578B7006FD070 /* Build configuration list for PBXNativeTarget "Twitter" */;
			buildPhases = (
				83D811D019A578B7006FD070 /* Sources */,
				83D811D119A578B7006FD070 /* Frameworks */,
				83D811D219A578B7006FD070 /* Resources */,
			);
			buildRules = (
			);
			dependencies = (
			);
			name = Twitter;
			productName = Twitter;
			productReference = 83D811D419A578B7006FD070 /* Twitter.app */;
			productType = "com.apple.product-type.application";
		};
		83D811F419A578B7006FD070 /* TwitterTests */ = {
			isa = PBXNativeTarget;
			buildConfigurationList = 83D8120919A578B7006FD070 /* Build configuration list for PBXNativeTarget "TwitterTests" */;
			buildPhases = (
				83D811F119A578B7006FD070 /* Sources */,
				83D811F219A578B7006FD070 /* Frameworks */,
				83D811F319A578B7006FD070 /* Resources */,
			);
			buildRules = (
			);
			dependencies = (
				83D811FB19A578B7006FD070 /* PBXTargetDependency */,
			);
			name = TwitterTests;
			productName = TwitterTests;
			productReference = 83D811F519A578B7006FD070 /* TwitterTests.xctest */;
			productType = "com.apple.product-type.bundle.unit-test";
		};
/* End PBXNativeTarget section */

/* Begin PBXProject section */
		83D811CC19A578B7006FD070 /* Project object */ = {
			isa = PBXProject;
			attributes = {
				CLASSPREFIX = ESC;
				LastUpgradeCheck = 0510;
				ORGANIZATIONNAME = "Effortless Code";
				TargetAttributes = {
					83D811F419A578B7006FD070 = {
						TestTargetID = 83D811D319A578B7006FD070;
					};
				};
			};
			buildConfigurationList = 83D811CF19A578B7006FD070 /* Build configuration list for PBXProject "Twitter" */;
			compatibilityVersion = "Xcode 3.2";
			developmentRegion = English;
			hasScannedForEncodings = 0;
			knownRegions = (
				en,
				Base,
			);
			mainGroup = 83D811CB19A578B7006FD070;
			productRefGroup = 83D811D519A578B7006FD070 /* Products */;
			projectDirPath = "";
			projectRoot = "";
			targets = (
				83D811D319A578B7006FD070 /* Twitter */,
				83D811F419A578B7006FD070 /* TwitterTests */,
			);
		};
/* End PBXProject section */

/* Begin PBXResourcesBuildPhase section */
		83D811D219A578B7006FD070 /* Resources */ = {
			isa = PBXResourcesBuildPhase;
			buildActionMask = 2147483647;
			files = (
				83D811F019A578B7006FD070 /* Images.xcassets in Resources */,
				83361AB519A63FC000396936 /* Localizable.strings in Resources */,
				83D811E219A578B7006FD070 /* InfoPlist.strings in Resources */,
				83D811EB19A578B7006FD070 /* Main.storyboard in Resources */,
			);
			runOnlyForDeploymentPostprocessing = 0;
		};
		83D811F319A578B7006FD070 /* Resources */ = {
			isa = PBXResourcesBuildPhase;
			buildActionMask = 2147483647;
			files = (
				83D8120119A578B7006FD070 /* InfoPlist.strings in Resources */,
				83361AB019A63F5300396936 /* ESCTimeLineResponse.json in Resources */,
			);
			runOnlyForDeploymentPostprocessing = 0;
		};
/* End PBXResourcesBuildPhase section */

/* Begin PBXSourcesBuildPhase section */
		83D811D019A578B7006FD070 /* Sources */ = {
			isa = PBXSourcesBuildPhase;
			buildActionMask = 2147483647;
			files = (
				83D8121B19A59855006FD070 /* ESCTweetCellModel.m in Sources */,
				83D811E819A578B7006FD070 /* ESCAppDelegate.m in Sources */,
				83D8122119A5A6E2006FD070 /* ESCError.m in Sources */,
				83D8121219A5825D006FD070 /* ESCTweet.m in Sources */,
				83D8121519A58474006FD070 /* ESCTweetViewController.m in Sources */,
				83D811E419A578B7006FD070 /* main.m in Sources */,
				83D8121E19A5A22E006FD070 /* ESCTweetViewModel.m in Sources */,
				83D8121819A584B0006FD070 /* ESCTweetCell.m in Sources */,
			);
			runOnlyForDeploymentPostprocessing = 0;
		};
		83D811F119A578B7006FD070 /* Sources */ = {
			isa = PBXSourcesBuildPhase;
			buildActionMask = 2147483647;
			files = (
				83361AB219A63F5A00396936 /* ESCTweetViewModelTests.m in Sources */,
			);
			runOnlyForDeploymentPostprocessing = 0;
		};
/* End PBXSourcesBuildPhase section */

/* Begin PBXTargetDependency section */
		83D811FB19A578B7006FD070 /* PBXTargetDependency */ = {
			isa = PBXTargetDependency;
			target = 83D811D319A578B7006FD070 /* Twitter */;
			targetProxy = 83D811FA19A578B7006FD070 /* PBXContainerItemProxy */;
		};
/* End PBXTargetDependency section */

/* Begin PBXVariantGroup section */
		83361AB319A63FC000396936 /* Localizable.strings */ = {
			isa = PBXVariantGroup;
			children = (
				83361AB419A63FC000396936 /* en */,
			);
			name = Localizable.strings;
			sourceTree = "<group>";
		};
		83D811E019A578B7006FD070 /* InfoPlist.strings */ = {
			isa = PBXVariantGroup;
			children = (
				83D811E119A578B7006FD070 /* en */,
			);
			name = InfoPlist.strings;
			sourceTree = "<group>";
		};
		83D811E919A578B7006FD070 /* Main.storyboard */ = {
			isa = PBXVariantGroup;
			children = (
				83D811EA19A578B7006FD070 /* Base */,
			);
			name = Main.storyboard;
			sourceTree = "<group>";
		};
		83D811FF19A578B7006FD070 /* InfoPlist.strings */ = {
			isa = PBXVariantGroup;
			children = (
				83D8120019A578B7006FD070 /* en */,
			);
			name = InfoPlist.strings;
			sourceTree = "<group>";
		};
/* End PBXVariantGroup section */

/* Begin XCBuildConfiguration section */
		83D8120419A578B7006FD070 /* Debug */ = {
			isa = XCBuildConfiguration;
			buildSettings = {
				ALWAYS_SEARCH_USER_PATHS = NO;
				CLANG_CXX_LANGUAGE_STANDARD = "gnu++0x";
				CLANG_CXX_LIBRARY = "libc++";
				CLANG_ENABLE_MODULES = YES;
				CLANG_ENABLE_OBJC_ARC = YES;
				CLANG_WARN_BOOL_CONVERSION = YES;
				CLANG_WARN_CONSTANT_CONVERSION = YES;
				CLANG_WARN_DIRECT_OBJC_ISA_USAGE = YES_ERROR;
				CLANG_WARN_EMPTY_BODY = YES;
				CLANG_WARN_ENUM_CONVERSION = YES;
				CLANG_WARN_INT_CONVERSION = YES;
				CLANG_WARN_OBJC_ROOT_CLASS = YES_ERROR;
				CLANG_WARN__DUPLICATE_METHOD_MATCH = YES;
				"CODE_SIGN_IDENTITY[sdk=iphoneos*]" = "iPhone Developer";
				COPY_PHASE_STRIP = NO;
				GCC_C_LANGUAGE_STANDARD = gnu99;
				GCC_DYNAMIC_NO_PIC = NO;
				GCC_OPTIMIZATION_LEVEL = 0;
				GCC_PREPROCESSOR_DEFINITIONS = (
					"DEBUG=1",
					"$(inherited)",
				);
				GCC_SYMBOLS_PRIVATE_EXTERN = NO;
				GCC_WARN_64_TO_32_BIT_CONVERSION = YES;
				GCC_WARN_ABOUT_RETURN_TYPE = YES_ERROR;
				GCC_WARN_UNDECLARED_SELECTOR = YES;
				GCC_WARN_UNINITIALIZED_AUTOS = YES_AGGRESSIVE;
				GCC_WARN_UNUSED_FUNCTION = YES;
				GCC_WARN_UNUSED_VARIABLE = YES;
				IPHONEOS_DEPLOYMENT_TARGET = 7.1;
				ONLY_ACTIVE_ARCH = YES;
				SDKROOT = iphoneos;
			};
			name = Debug;
		};
		83D8120519A578B7006FD070 /* Release */ = {
			isa = XCBuildConfiguration;
			buildSettings = {
				ALWAYS_SEARCH_USER_PATHS = NO;
				CLANG_CXX_LANGUAGE_STANDARD = "gnu++0x";
				CLANG_CXX_LIBRARY = "libc++";
				CLANG_ENABLE_MODULES = YES;
				CLANG_ENABLE_OBJC_ARC = YES;
				CLANG_WARN_BOOL_CONVERSION = YES;
				CLANG_WARN_CONSTANT_CONVERSION = YES;
				CLANG_WARN_DIRECT_OBJC_ISA_USAGE = YES_ERROR;
				CLANG_WARN_EMPTY_BODY = YES;
				CLANG_WARN_ENUM_CONVERSION = YES;
				CLANG_WARN_INT_CONVERSION = YES;
				CLANG_WARN_OBJC_ROOT_CLASS = YES_ERROR;
				CLANG_WARN__DUPLICATE_METHOD_MATCH = YES;
				"CODE_SIGN_IDENTITY[sdk=iphoneos*]" = "iPhone Developer";
				COPY_PHASE_STRIP = YES;
				ENABLE_NS_ASSERTIONS = NO;
				GCC_C_LANGUAGE_STANDARD = gnu99;
				GCC_WARN_64_TO_32_BIT_CONVERSION = YES;
				GCC_WARN_ABOUT_RETURN_TYPE = YES_ERROR;
				GCC_WARN_UNDECLARED_SELECTOR = YES;
				GCC_WARN_UNINITIALIZED_AUTOS = YES_AGGRESSIVE;
				GCC_WARN_UNUSED_FUNCTION = YES;
				GCC_WARN_UNUSED_VARIABLE = YES;
				IPHONEOS_DEPLOYMENT_TARGET = 7.1;
				SDKROOT = iphoneos;
				VALIDATE_PRODUCT = YES;
			};
			name = Release;
		};
		83D8120719A578B7006FD070 /* Debug */ = {
			isa = XCBuildConfiguration;
			buildSettings = {
				ASSETCATALOG_COMPILER_APPICON_NAME = AppIcon;
				ASSETCATALOG_COMPILER_LAUNCHIMAGE_NAME = LaunchImage;
				GCC_PRECOMPILE_PREFIX_HEADER = YES;
				GCC_PREFIX_HEADER = "Twitter/Twitter-Prefix.pch";
				INFOPLIST_FILE = "Twitter/Twitter-Info.plist";
				PRODUCT_NAME = "$(TARGET_NAME)";
				WRAPPER_EXTENSION = app;
			};
			name = Debug;
		};
		83D8120819A578B7006FD070 /* Release */ = {
			isa = XCBuildConfiguration;
			buildSettings = {
				ASSETCATALOG_COMPILER_APPICON_NAME = AppIcon;
				ASSETCATALOG_COMPILER_LAUNCHIMAGE_NAME = LaunchImage;
				GCC_PRECOMPILE_PREFIX_HEADER = YES;
				GCC_PREFIX_HEADER = "Twitter/Twitter-Prefix.pch";
				INFOPLIST_FILE = "Twitter/Twitter-Info.plist";
				PRODUCT_NAME = "$(TARGET_NAME)";
				WRAPPER_EXTENSION = app;
			};
			name = Release;
		};
		83D8120A19A578B7006FD070 /* Debug */ = {
			isa = XCBuildConfiguration;
			buildSettings = {
				BUNDLE_LOADER = "$(BUILT_PRODUCTS_DIR)/Twitter.app/Twitter";
				FRAMEWORK_SEARCH_PATHS = (
					"$(SDKROOT)/Developer/Library/Frameworks",
					"$(inherited)",
					"$(DEVELOPER_FRAMEWORKS_DIR)",
				);
				GCC_PRECOMPILE_PREFIX_HEADER = YES;
				GCC_PREFIX_HEADER = "Twitter/Twitter-Prefix.pch";
				GCC_PREPROCESSOR_DEFINITIONS = (
					"DEBUG=1",
					"$(inherited)",
				);
				INFOPLIST_FILE = "TwitterTests/TwitterTests-Info.plist";
				PRODUCT_NAME = "$(TARGET_NAME)";
				TEST_HOST = "$(BUNDLE_LOADER)";
				WRAPPER_EXTENSION = xctest;
			};
			name = Debug;
		};
		83D8120B19A578B7006FD070 /* Release */ = {
			isa = XCBuildConfiguration;
			buildSettings = {
				BUNDLE_LOADER = "$(BUILT_PRODUCTS_DIR)/Twitter.app/Twitter";
				FRAMEWORK_SEARCH_PATHS = (
					"$(SDKROOT)/Developer/Library/Frameworks",
					"$(inherited)",
					"$(DEVELOPER_FRAMEWORKS_DIR)",
				);
				GCC_PRECOMPILE_PREFIX_HEADER = YES;
				GCC_PREFIX_HEADER = "Twitter/Twitter-Prefix.pch";
				INFOPLIST_FILE = "TwitterTests/TwitterTests-Info.plist";
				PRODUCT_NAME = "$(TARGET_NAME)";
				TEST_HOST = "$(BUNDLE_LOADER)";
				WRAPPER_EXTENSION = xctest;
			};
			name = Release;
		};
/* End XCBuildConfiguration section */

/* Begin XCConfigurationList section */
		83D811CF19A578B7006FD070 /* Build configuration list for PBXProject "Twitter" */ = {
			isa = XCConfigurationList;
			buildConfigurations = (
				83D8120419A578B7006FD070 /* Debug */,
				83D8120519A578B7006FD070 /* Release */,
			);
			defaultConfigurationIsVisible = 0;
			defaultConfigurationName = Release;
		};
		83D8120619A578B7006FD070 /* Build configuration list for PBXNativeTarget "Twitter" */ = {
			isa = XCConfigurationList;
			buildConfigurations = (
				83D8120719A578B7006FD070 /* Debug */,
				83D8120819A578B7006FD070 /* Release */,
			);
			defaultConfigurationIsVisible = 0;
			defaultConfigurationName = Release;
		};
		83D8120919A578B7006FD070 /* Build configuration list for PBXNativeTarget "TwitterTests" */ = {
			isa = XCConfigurationList;
			buildConfigurations = (
				83D8120A19A578B7006FD070 /* Debug */,
				83D8120B19A578B7006FD070 /* Release */,
			);
			defaultConfigurationIsVisible = 0;
			defaultConfigurationName = Release;
		};
/* End XCConfigurationList section */
	};
	rootObject = 83D811CC19A578B7006FD070 /* Project object */;
}
